
Microsoft Visual Studio Solution File, Format Version 12.00
# Visual Studio Version 16
VisualStudioVersion = 16.0.29403.142
MinimumVisualStudioVersion = 10.0.40219.1
Project("{FAE04EC0-301F-11D3-BF4B-00C04F79EFBC}") = "EGOET", "EGOET.csproj", "{7DC34894-C758-4964-938F-4931710B61C8}"
EndProject
Project("{FAE04EC0-301F-11D3-BF4B-00C04F79EFBC}") = "EdytorMapy", "..\EdytorMapy\EdytorMapy.csproj", "{62CA4A82-133E-4B3F-97C9-288D55329F3A}"
EndProject
Global
	GlobalSection(SolutionConfigurationPlatforms) = preSolution
		Debug|Any CPU = Debug|Any CPU
		Release|Any CPU = Release|Any CPU
	EndGlobalSection
	GlobalSection(ProjectConfigurationPlatforms) = postSolution
		{7DC34894-C758-4964-938F-4931710B61C8}.Debug|Any CPU.ActiveCfg = Debug|Any CPU
		{7DC34894-C758-4964-938F-4931710B61C8}.Debug|Any CPU.Build.0 = Debug|Any CPU
		{7DC34894-C758-4964-938F-4931710B61C8}.Release|Any CPU.ActiveCfg = Release|Any CPU
		{7DC34894-C758-4964-938F-4931710B61C8}.Release|Any CPU.Build.0 = Release|Any CPU
		{62CA4A82-133E-4B3F-97C9-288D55329F3A}.Debug|Any CPU.ActiveCfg = Debug|Any CPU
		{62CA4A82-133E-4B3F-97C9-288D55329F3A}.Debug|Any CPU.Build.0 = Debug|Any CPU
		{62CA4A82-133E-4B3F-97C9-288D55329F3A}.Release|Any CPU.ActiveCfg = Release|Any CPU
		{62CA4A82-133E-4B3F-97C9-288D55329F3A}.Release|Any CPU.Build.0 = Release|Any CPU
	EndGlobalSection
	GlobalSection(SolutionProperties) = preSolution
		HideSolutionNode = FALSE
	EndGlobalSection
	GlobalSection(ExtensibilityGlobals) = postSolution
		SolutionGuid = {7D661FF0-D39E-4DA7-BACC-182AA834ADA5}
	EndGlobalSection
EndGlobal
